%{"excoveralls": {:hex, :excoveralls, "0.3.11"},
  "exjsx": {:hex, :exjsx, "3.2.0"},
  "hackney": {:hex, :hackney, "1.3.0"},
  "idna": {:hex, :idna, "1.0.2"},
  "json": {:hex, :json, "0.3.2"},
  "jsx": {:hex, :jsx, "2.6.2"},
  "linguist": {:hex, :linguist, "0.1.5"},
  "logger_file_backend": {:hex, :logger_file_backend, "0.0.3"},
  "meck": {:git, "git://github.com/eproxus/meck.git", "dde759050eff19a1a80fd854d7375174b191665d", [tag: "0.8.2"]},
  "mock": {:hex, :mock, "0.1.1"},
  "pooler": {:hex, :pooler, "1.4.0"},
  "protobuffs": {:git, "git://github.com/basho/erlang_protobuffs.git", "5257dfe4e000b58487af89b849c7336ffa9bae82", [tag: "0.8.1p4"]},
  "riak": {:git, "git://github.com/glickbot/riak-elixir-client.git", "f2e8174c4cc577adf750e0a1a6fe56623deb6c45", [branch: "master"]},
  "riak_pb": {:git, "git://github.com/basho/riak_pb.git", "fc18a9b37170431f659e08d66ed78e3f6bbc47ca", [tag: "2.0.0.16"]},
  "riakc": {:git, "git://github.com/basho/riak-erlang-client.git", "c3fb38c0590876cd4864f4553bda52b46edd7bc7", [tag: "2.0.1"]},
  "ssl_verify_hostname": {:hex, :ssl_verify_hostname, "1.0.5"},
  "timex": {:hex, :timex, "0.15.0"},
  "tzdata": {:hex, :tzdata, "0.1.6"}}
